
Microsoft Visual Studio Solution File, Format Version 12.00
# Visual Studio Version 17
VisualStudioVersion = 17.4.33403.182
MinimumVisualStudioVersion = 10.0.40219.1
Project("{FAE04EC0-301F-11D3-BF4B-00C04F79EFBC}") = "Casino Game Test", "Casino Game Test.csproj", "{5E50E94A-9003-4D8A-999C-F36A7909906D}"
EndProject
Global
	GlobalSection(SolutionConfigurationPlatforms) = preSolution
		Debug|Any CPU = Debug|Any CPU
		Release|Any CPU = Release|Any CPU
	EndGlobalSection
	GlobalSection(ProjectConfigurationPlatforms) = postSolution
		{5E50E94A-9003-4D8A-999C-F36A7909906D}.Debug|Any CPU.ActiveCfg = Debug|Any CPU
		{5E50E94A-9003-4D8A-999C-F36A7909906D}.Debug|Any CPU.Build.0 = Debug|Any CPU
		{5E50E94A-9003-4D8A-999C-F36A7909906D}.Release|Any CPU.ActiveCfg = Release|Any CPU
		{5E50E94A-9003-4D8A-999C-F36A7909906D}.Release|Any CPU.Build.0 = Release|Any CPU
	EndGlobalSection
	GlobalSection(SolutionProperties) = preSolution
		HideSolutionNode = FALSE
	EndGlobalSection
	GlobalSection(ExtensibilityGlobals) = postSolution
		SolutionGuid = {D63FB800-3198-4159-BE81-DC430D487B0B}
	EndGlobalSection
EndGlobal
